
Microsoft Visual Studio Solution File, Format Version 12.00
# Visual Studio Version 16
VisualStudioVersion = 16.0.29418.71
MinimumVisualStudioVersion = 10.0.40219.1
Project("{FAE04EC0-301F-11D3-BF4B-00C04F79EFBC}") = "WeatherApp", "WeatherApp\WeatherApp.csproj", "{475B0D73-2C90-47B1-9485-6F6FF1A94BF1}"
EndProject
Global
	GlobalSection(SolutionConfigurationPlatforms) = preSolution
		Debug|Any CPU = Debug|Any CPU
		Release|Any CPU = Release|Any CPU
	EndGlobalSection
	GlobalSection(ProjectConfigurationPlatforms) = postSolution
		{475B0D73-2C90-47B1-9485-6F6FF1A94BF1}.Debug|Any CPU.ActiveCfg = Debug|Any CPU
		{475B0D73-2C90-47B1-9485-6F6FF1A94BF1}.Debug|Any CPU.Build.0 = Debug|Any CPU
		{475B0D73-2C90-47B1-9485-6F6FF1A94BF1}.Release|Any CPU.ActiveCfg = Release|Any CPU
		{475B0D73-2C90-47B1-9485-6F6FF1A94BF1}.Release|Any CPU.Build.0 = Release|Any CPU
	EndGlobalSection
	GlobalSection(SolutionProperties) = preSolution
		HideSolutionNode = FALSE
	EndGlobalSection
	GlobalSection(ExtensibilityGlobals) = postSolution
		SolutionGuid = {8D743220-B875-4CEE-871F-AFDD0E68D5BA}
	EndGlobalSection
EndGlobal
